PODS:
  - FBAEMKit (14.0.0):
    - FBSDKCoreKit_Basics (= 14.0.0)
  - FBSDKCoreKit (14.0.0):
    - FBAEMKit (= 14.0.0)
    - FBSDKCoreKit_Basics (= 14.0.0)
  - FBSDKCoreKit_Basics (14.0.0)
  - FBSDKLoginKit (14.0.0):
    - FBSDKCoreKit (= 14.0.0)
  - FBSDKShareKit (14.0.0):
    - FBSDKCoreKit (= 14.0.0)
  - Flutter (1.0.0)
  - flutter_share_me (0.0.1):
    - FBSDKCoreKit (~> 14.0.0)
    - FBSDKLoginKit (~> 14.0.0)
    - FBSDKShareKit (~> 14.0.0)
    - Flutter
  - image_picker_ios (0.0.1):
    - Flutter
  - open_file (0.0.1):
    - Flutter
  - path_provider_foundation (0.0.1):
    - Flutter
    - FlutterMacOS

DEPENDENCIES:
  - Flutter (from `Flutter`)
  - flutter_share_me (from `.symlinks/plugins/flutter_share_me/ios`)
  - image_picker_ios (from `.symlinks/plugins/image_picker_ios/ios`)
  - open_file (from `.symlinks/plugins/open_file/ios`)
  - path_provider_foundation (from `.symlinks/plugins/path_provider_foundation/darwin`)

SPEC REPOS:
  trunk:
    - FBAEMKit
    - FBSDKCoreKit
    - FBSDKCoreKit_Basics
    - FBSDKLoginKit
    - FBSDKShareKit

EXTERNAL SOURCES:
  Flutter:
    :path: Flutter
  flutter_share_me:
    :path: ".symlinks/plugins/flutter_share_me/ios"
  image_picker_ios:
    :path: ".symlinks/plugins/image_picker_ios/ios"
  open_file:
    :path: ".symlinks/plugins/open_file/ios"
  path_provider_foundation:
    :path: ".symlinks/plugins/path_provider_foundation/darwin"

SPEC CHECKSUMS:
  FBAEMKit: d00064597439e75885c70d9adbcb5f3e9ad84f5d
  FBSDKCoreKit: e5d3acfffe5063a9d0b967ba2ad1f5afc460cf43
  FBSDKCoreKit_Basics: 1ff46a12e80f0b66e6c00e1ef32d6a5b5b9008a5
  FBSDKLoginKit: dbe86ef42ab142f3bd0f1c904a21bb33f31c5569
  FBSDKShareKit: 2f6a6a1445cc1b8ea0f733e60d02d2f7c4ebf8be
  Flutter: f04841e97a9d0b0a8025694d0796dd46242b2854
  flutter_share_me: 1fb559741e0dff56a9d2bdeaf4d966b0b47449ae
  image_picker_ios: 4a8aadfbb6dc30ad5141a2ce3832af9214a705b5
  open_file: 02eb5cb6b21264bd3a696876f5afbfb7ca4f4b7d
  path_provider_foundation: eaf5b3e458fc0e5fbb9940fb09980e853fe058b8

PODFILE CHECKSUM: 70d9d25280d0dd177a5f637cdb0f0b0b12c6a189

COCOAPODS: 1.12.1
